
Microsoft Visual Studio Solution File, Format Version 12.00
# Visual Studio Version 17
VisualStudioVersion = 17.2.32616.157
MinimumVisualStudioVersion = 10.0.40219.1
Project("{FAE04EC0-301F-11D3-BF4B-00C04F79EFBC}") = "ClasstaskUser", "ClasstaskUser.csproj", "{11CB6848-76A7-44D3-A5F5-E396DC1A3B72}"
EndProject
Global
	GlobalSection(SolutionConfigurationPlatforms) = preSolution
		Debug|Any CPU = Debug|Any CPU
		Release|Any CPU = Release|Any CPU
	EndGlobalSection
	GlobalSection(ProjectConfigurationPlatforms) = postSolution
		{11CB6848-76A7-44D3-A5F5-E396DC1A3B72}.Debug|Any CPU.ActiveCfg = Debug|Any CPU
		{11CB6848-76A7-44D3-A5F5-E396DC1A3B72}.Debug|Any CPU.Build.0 = Debug|Any CPU
		{11CB6848-76A7-44D3-A5F5-E396DC1A3B72}.Release|Any CPU.ActiveCfg = Release|Any CPU
		{11CB6848-76A7-44D3-A5F5-E396DC1A3B72}.Release|Any CPU.Build.0 = Release|Any CPU
	EndGlobalSection
	GlobalSection(SolutionProperties) = preSolution
		HideSolutionNode = FALSE
	EndGlobalSection
	GlobalSection(ExtensibilityGlobals) = postSolution
		SolutionGuid = {F6D09CEB-1194-4E42-BE2C-D216EF9A9B78}
	EndGlobalSection
EndGlobal
